
Microsoft Visual Studio Solution File, Format Version 12.00
# Visual Studio Version 16
VisualStudioVersion = 16.0.32228.343
MinimumVisualStudioVersion = 10.0.40219.1
Project("{9A19103F-16F7-4668-BE54-9A1E7A4F7556}") = "AccurateEnemies", "EnemyProjectilePrediction\AccurateEnemies.csproj", "{504D9407-BF42-434F-AE6D-22B6184357ED}"
EndProject
Global
	GlobalSection(SolutionConfigurationPlatforms) = preSolution
		Debug|Any CPU = Debug|Any CPU
		Release|Any CPU = Release|Any CPU
	EndGlobalSection
	GlobalSection(ProjectConfigurationPlatforms) = postSolution
		{504D9407-BF42-434F-AE6D-22B6184357ED}.Debug|Any CPU.ActiveCfg = Debug|Any CPU
		{504D9407-BF42-434F-AE6D-22B6184357ED}.Debug|Any CPU.Build.0 = Debug|Any CPU
		{504D9407-BF42-434F-AE6D-22B6184357ED}.Release|Any CPU.ActiveCfg = Release|Any CPU
		{504D9407-BF42-434F-AE6D-22B6184357ED}.Release|Any CPU.Build.0 = Release|Any CPU
	EndGlobalSection
	GlobalSection(SolutionProperties) = preSolution
		HideSolutionNode = FALSE
	EndGlobalSection
	GlobalSection(ExtensibilityGlobals) = postSolution
		SolutionGuid = {ABBED71F-F7E3-4ECE-AE2B-FF7B4BACA095}
	EndGlobalSection
EndGlobal
